{
  "object": {
    "pins": [
      {
        "package": "Haptica",
        "repositoryURL": "https://github.com/efremidze/Haptica",
        "state": {
          "branch": null,
          "revision": "4084702c85102c2d17d58e42ec5a750094944864",
          "version": "3.0.2"
        }
      },
      {
        "package": "QuickLayout",
        "repositoryURL": "https://github.com/huri000/QuickLayout",
        "state": {
          "branch": null,
          "revision": "6be62decbe508d8fc8f9dbafc349d05bab03c38b",
          "version": "3.0.1"
        }
      },
      {
        "package": "SwiftEntryKit",
        "repositoryURL": "https://github.com/huri000/SwiftEntryKit",
        "state": {
          "branch": null,
          "revision": "c2d42574e4fe4e1f9719843f35add7922942a16b",
          "version": "1.2.7"
        }
      }
    ]
  },
  "version": 1
}
